PODS:
  - RxCocoa (2.6.0):
    - RxSwift (~> 2.5)
  - RxSwift (2.6.0)
  - RxTests (2.6.0):
    - RxSwift (~> 2.5)

DEPENDENCIES:
  - RxCocoa (~> 2.5)
  - RxSwift (~> 2.5)
  - RxTests (~> 2.5)

SPEC CHECKSUMS:
  RxCocoa: 89ab00d5753502520227940e3a0e0a0413683c6b
  RxSwift: 77f3a0b15324baa7a1c9bfa9f199648a82424e26
  RxTests: cdcc379c70e80089a8bc2c99515223339d1c3b81

PODFILE CHECKSUM: 7b3b500143b1ff33e857b594e53f54930ec28679

COCOAPODS: 1.0.1
