PODS:
  - RxCocoa (3.0.0):
    - RxSwift (~> 3.0)
  - RxSwift (3.0.0)
  - RxTest (3.0.0):
    - RxSwift (~> 3.0)

DEPENDENCIES:
  - RxCocoa (>= 3.0)
  - RxSwift (>= 3.0)
  - RxTest (>= 3.0)

SPEC CHECKSUMS:
  RxCocoa: 0a2f3ae381cf16f4021a4cee7a4420f83058a965
  RxSwift: a930cd662f5b4a7ca9dc3518585dba91dadf497c
  RxTest: 770511db5d602b618ee8c8a7c06b4b71f9168f7c

PODFILE CHECKSUM: 512c9782b3ffd698912d25025317f761a049e04d

COCOAPODS: 1.1.0
