// !$*UTF8*$!
{
	archiveVersion = 1;
	classes = {
	};
	objectVersion = 46;
	objects = {

/* Begin PBXBuildFile section */
		030BC48A1D6B777F00744138 /* Operators.swift in Sources */ = {isa = PBXBuildFile; fileRef = 030BC4891D6B777F00744138 /* Operators.swift */; };
		030BC48C1D6B779C00744138 /* AnyTestTime.swift in Sources */ = {isa = PBXBuildFile; fileRef = 030BC48B1D6B779C00744138 /* AnyTestTime.swift */; };
		030BC48E1D6B782200744138 /* RxAssertionResult.swift in Sources */ = {isa = PBXBuildFile; fileRef = 030BC48D1D6B782200744138 /* RxAssertionResult.swift */; };
		0312B3B01D594E9D00603A75 /* RxExpect.framework in Frameworks */ = {isa = PBXBuildFile; fileRef = 03FB83061D592F6B004EF4FB /* RxExpect.framework */; };
		03FB83261D59301F004EF4FB /* RxExpect.h in Headers */ = {isa = PBXBuildFile; fileRef = 03FB83211D59301F004EF4FB /* RxExpect.h */; settings = {ATTRIBUTES = (Public, ); }; };
		03FB832B1D5930A8004EF4FB /* RxExpectation.swift in Sources */ = {isa = PBXBuildFile; fileRef = 03FB83291D5930A8004EF4FB /* RxExpectation.swift */; };
		03FB832C1D5930A8004EF4FB /* XCTestCase+RxExpect.swift in Sources */ = {isa = PBXBuildFile; fileRef = 03FB832A1D5930A8004EF4FB /* XCTestCase+RxExpect.swift */; };
		03FB832D1D5930EF004EF4FB /* RxExpectTests.swift in Sources */ = {isa = PBXBuildFile; fileRef = 03FB83251D59301F004EF4FB /* RxExpectTests.swift */; };
		333D21FF6CEF118853C7F680 /* Pods_RxExpect.framework in Frameworks */ = {isa = PBXBuildFile; fileRef = CC1FE3422AEA19D3AFAFD84D /* Pods_RxExpect.framework */; };
		C619C02C0B2AF56E7C79F721 /* Pods_RxExpect_RxExpectTests.framework in Frameworks */ = {isa = PBXBuildFile; fileRef = 338FC8712C3AAAE98DAFE74C /* Pods_RxExpect_RxExpectTests.framework */; };
/* End PBXBuildFile section */

/* Begin PBXContainerItemProxy section */
		03FB83121D592F6B004EF4FB /* PBXContainerItemProxy */ = {
			isa = PBXContainerItemProxy;
			containerPortal = 03FB82FD1D592F6B004EF4FB /* Project object */;
			proxyType = 1;
			remoteGlobalIDString = 03FB83051D592F6B004EF4FB;
			remoteInfo = RxExpect;
		};
/* End PBXContainerItemProxy section */

/* Begin PBXFileReference section */
		030BC4891D6B777F00744138 /* Operators.swift */ = {isa = PBXFileReference; fileEncoding = 4; lastKnownFileType = sourcecode.swift; path = Operators.swift; sourceTree = "<group>"; };
		030BC48B1D6B779C00744138 /* AnyTestTime.swift */ = {isa = PBXFileReference; fileEncoding = 4; lastKnownFileType = sourcecode.swift; path = AnyTestTime.swift; sourceTree = "<group>"; };
		030BC48D1D6B782200744138 /* RxAssertionResult.swift */ = {isa = PBXFileReference; fileEncoding = 4; lastKnownFileType = sourcecode.swift; path = RxAssertionResult.swift; sourceTree = "<group>"; };
		03FB83061D592F6B004EF4FB /* RxExpect.framework */ = {isa = PBXFileReference; explicitFileType = wrapper.framework; includeInIndex = 0; path = RxExpect.framework; sourceTree = BUILT_PRODUCTS_DIR; };
		03FB83101D592F6B004EF4FB /* RxExpectTests.xctest */ = {isa = PBXFileReference; explicitFileType = wrapper.cfbundle; includeInIndex = 0; path = RxExpectTests.xctest; sourceTree = BUILT_PRODUCTS_DIR; };
		03FB83211D59301F004EF4FB /* RxExpect.h */ = {isa = PBXFileReference; fileEncoding = 4; lastKnownFileType = sourcecode.c.h; path = RxExpect.h; sourceTree = "<group>"; };
		03FB83231D59301F004EF4FB /* Info.plist */ = {isa = PBXFileReference; fileEncoding = 4; lastKnownFileType = text.plist.xml; path = Info.plist; sourceTree = "<group>"; };
		03FB83251D59301F004EF4FB /* RxExpectTests.swift */ = {isa = PBXFileReference; fileEncoding = 4; lastKnownFileType = sourcecode.swift; path = RxExpectTests.swift; sourceTree = "<group>"; };
		03FB83291D5930A8004EF4FB /* RxExpectation.swift */ = {isa = PBXFileReference; fileEncoding = 4; lastKnownFileType = sourcecode.swift; path = RxExpectation.swift; sourceTree = "<group>"; };
		03FB832A1D5930A8004EF4FB /* XCTestCase+RxExpect.swift */ = {isa = PBXFileReference; fileEncoding = 4; lastKnownFileType = sourcecode.swift; path = "XCTestCase+RxExpect.swift"; sourceTree = "<group>"; };
		241A526047A75E30F9059137 /* Pods-RxExpect.debug.xcconfig */ = {isa = PBXFileReference; includeInIndex = 1; lastKnownFileType = text.xcconfig; name = "Pods-RxExpect.debug.xcconfig"; path = "Pods/Target Support Files/Pods-RxExpect/Pods-RxExpect.debug.xcconfig"; sourceTree = "<group>"; };
		338FC8712C3AAAE98DAFE74C /* Pods_RxExpect_RxExpectTests.framework */ = {isa = PBXFileReference; explicitFileType = wrapper.framework; includeInIndex = 0; path = Pods_RxExpect_RxExpectTests.framework; sourceTree = BUILT_PRODUCTS_DIR; };
		AB5A687DC7F3D9386C03BC77 /* Pods-RxExpect.release.xcconfig */ = {isa = PBXFileReference; includeInIndex = 1; lastKnownFileType = text.xcconfig; name = "Pods-RxExpect.release.xcconfig"; path = "Pods/Target Support Files/Pods-RxExpect/Pods-RxExpect.release.xcconfig"; sourceTree = "<group>"; };
		BA9C746ADC7FE5CB07FCB9E3 /* Pods-RxExpect-RxExpectTests.release.xcconfig */ = {isa = PBXFileReference; includeInIndex = 1; lastKnownFileType = text.xcconfig; name = "Pods-RxExpect-RxExpectTests.release.xcconfig"; path = "Pods/Target Support Files/Pods-RxExpect-RxExpectTests/Pods-RxExpect-RxExpectTests.release.xcconfig"; sourceTree = "<group>"; };
		CC1FE3422AEA19D3AFAFD84D /* Pods_RxExpect.framework */ = {isa = PBXFileReference; explicitFileType = wrapper.framework; includeInIndex = 0; path = Pods_RxExpect.framework; sourceTree = BUILT_PRODUCTS_DIR; };
		D9744C0C50D7E959AB934704 /* Pods-RxExpect-RxExpectTests.debug.xcconfig */ = {isa = PBXFileReference; includeInIndex = 1; lastKnownFileType = text.xcconfig; name = "Pods-RxExpect-RxExpectTests.debug.xcconfig"; path = "Pods/Target Support Files/Pods-RxExpect-RxExpectTests/Pods-RxExpect-RxExpectTests.debug.xcconfig"; sourceTree = "<group>"; };
/* End PBXFileReference section */

/* Begin PBXFrameworksBuildPhase section */
		03FB83021D592F6B004EF4FB /* Frameworks */ = {
			isa = PBXFrameworksBuildPhase;
			buildActionMask = 2147483647;
			files = (
				333D21FF6CEF118853C7F680 /* Pods_RxExpect.framework in Frameworks */,
			);
			runOnlyForDeploymentPostprocessing = 0;
		};
		03FB830D1D592F6B004EF4FB /* Frameworks */ = {
			isa = PBXFrameworksBuildPhase;
			buildActionMask = 2147483647;
			files = (
				0312B3B01D594E9D00603A75 /* RxExpect.framework in Frameworks */,
				C619C02C0B2AF56E7C79F721 /* Pods_RxExpect_RxExpectTests.framework in Frameworks */,
			);
			runOnlyForDeploymentPostprocessing = 0;
		};
/* End PBXFrameworksBuildPhase section */

/* Begin PBXGroup section */
		03FB82FC1D592F6B004EF4FB = {
			isa = PBXGroup;
			children = (
				03FB83201D59301F004EF4FB /* Sources */,
				03FB83241D59301F004EF4FB /* Tests */,
				03FB83221D59301F004EF4FB /* Supporting Files */,
				03FB83071D592F6B004EF4FB /* Products */,
				3B2DB6C683D605A23A9CD485 /* Pods */,
				F8814EE8E19889D07F4AE5FB /* Frameworks */,
			);
			sourceTree = "<group>";
		};
		03FB83071D592F6B004EF4FB /* Products */ = {
			isa = PBXGroup;
			children = (
				03FB83061D592F6B004EF4FB /* RxExpect.framework */,
				03FB83101D592F6B004EF4FB /* RxExpectTests.xctest */,
			);
			name = Products;
			sourceTree = "<group>";
		};
		03FB83201D59301F004EF4FB /* Sources */ = {
			isa = PBXGroup;
			children = (
				03FB83211D59301F004EF4FB /* RxExpect.h */,
				03FB832A1D5930A8004EF4FB /* XCTestCase+RxExpect.swift */,
				03FB83291D5930A8004EF4FB /* RxExpectation.swift */,
				030BC48D1D6B782200744138 /* RxAssertionResult.swift */,
				030BC4891D6B777F00744138 /* Operators.swift */,
				030BC48B1D6B779C00744138 /* AnyTestTime.swift */,
			);
			path = Sources;
			sourceTree = "<group>";
		};
		03FB83221D59301F004EF4FB /* Supporting Files */ = {
			isa = PBXGroup;
			children = (
				03FB83231D59301F004EF4FB /* Info.plist */,
			);
			path = "Supporting Files";
			sourceTree = "<group>";
		};
		03FB83241D59301F004EF4FB /* Tests */ = {
			isa = PBXGroup;
			children = (
				03FB83251D59301F004EF4FB /* RxExpectTests.swift */,
			);
			path = Tests;
			sourceTree = "<group>";
		};
		3B2DB6C683D605A23A9CD485 /* Pods */ = {
			isa = PBXGroup;
			children = (
				241A526047A75E30F9059137 /* Pods-RxExpect.debug.xcconfig */,
				AB5A687DC7F3D9386C03BC77 /* Pods-RxExpect.release.xcconfig */,
				D9744C0C50D7E959AB934704 /* Pods-RxExpect-RxExpectTests.debug.xcconfig */,
				BA9C746ADC7FE5CB07FCB9E3 /* Pods-RxExpect-RxExpectTests.release.xcconfig */,
			);
			name = Pods;
			sourceTree = "<group>";
		};
		F8814EE8E19889D07F4AE5FB /* Frameworks */ = {
			isa = PBXGroup;
			children = (
				CC1FE3422AEA19D3AFAFD84D /* Pods_RxExpect.framework */,
				338FC8712C3AAAE98DAFE74C /* Pods_RxExpect_RxExpectTests.framework */,
			);
			name = Frameworks;
			sourceTree = "<group>";
		};
/* End PBXGroup section */

/* Begin PBXHeadersBuildPhase section */
		03FB83031D592F6B004EF4FB /* Headers */ = {
			isa = PBXHeadersBuildPhase;
			buildActionMask = 2147483647;
			files = (
				03FB83261D59301F004EF4FB /* RxExpect.h in Headers */,
			);
			runOnlyForDeploymentPostprocessing = 0;
		};
/* End PBXHeadersBuildPhase section */

/* Begin PBXNativeTarget section */
		03FB83051D592F6B004EF4FB /* RxExpect */ = {
			isa = PBXNativeTarget;
			buildConfigurationList = 03FB831A1D592F6B004EF4FB /* Build configuration list for PBXNativeTarget "RxExpect" */;
			buildPhases = (
				52758D9CF2AB8EC1009F9410 /* [CP] Check Pods Manifest.lock */,
				03FB83011D592F6B004EF4FB /* Sources */,
				03FB83021D592F6B004EF4FB /* Frameworks */,
				03FB83031D592F6B004EF4FB /* Headers */,
				03FB83041D592F6B004EF4FB /* Resources */,
				CFB255197520D31477E21888 /* [CP] Copy Pods Resources */,
			);
			buildRules = (
			);
			dependencies = (
			);
			name = RxExpect;
			productName = RxExpect;
			productReference = 03FB83061D592F6B004EF4FB /* RxExpect.framework */;
			productType = "com.apple.product-type.framework";
		};
		03FB830F1D592F6B004EF4FB /* RxExpectTests */ = {
			isa = PBXNativeTarget;
			buildConfigurationList = 03FB831D1D592F6B004EF4FB /* Build configuration list for PBXNativeTarget "RxExpectTests" */;
			buildPhases = (
				6604E49873BBA2DECDDC60E4 /* [CP] Check Pods Manifest.lock */,
				03FB830C1D592F6B004EF4FB /* Sources */,
				03FB830D1D592F6B004EF4FB /* Frameworks */,
				03FB830E1D592F6B004EF4FB /* Resources */,
				6FAC00124EA3D464F7A99462 /* [CP] Embed Pods Frameworks */,
				C742B8521F3A2FE6A8A66311 /* [CP] Copy Pods Resources */,
			);
			buildRules = (
			);
			dependencies = (
				03FB83131D592F6B004EF4FB /* PBXTargetDependency */,
			);
			name = RxExpectTests;
			productName = RxExpectTests;
			productReference = 03FB83101D592F6B004EF4FB /* RxExpectTests.xctest */;
			productType = "com.apple.product-type.bundle.unit-test";
		};
/* End PBXNativeTarget section */

/* Begin PBXProject section */
		03FB82FD1D592F6B004EF4FB /* Project object */ = {
			isa = PBXProject;
			attributes = {
				LastSwiftUpdateCheck = 0730;
				LastUpgradeCheck = 0800;
				ORGANIZATIONNAME = "Suyeol Jeon";
				TargetAttributes = {
					03FB83051D592F6B004EF4FB = {
						CreatedOnToolsVersion = 7.3.1;
						LastSwiftMigration = 0800;
					};
					03FB830F1D592F6B004EF4FB = {
						CreatedOnToolsVersion = 7.3.1;
						LastSwiftMigration = 0800;
					};
				};
			};
			buildConfigurationList = 03FB83001D592F6B004EF4FB /* Build configuration list for PBXProject "RxExpect" */;
			compatibilityVersion = "Xcode 3.2";
			developmentRegion = English;
			hasScannedForEncodings = 0;
			knownRegions = (
				en,
			);
			mainGroup = 03FB82FC1D592F6B004EF4FB;
			productRefGroup = 03FB83071D592F6B004EF4FB /* Products */;
			projectDirPath = "";
			projectRoot = "";
			targets = (
				03FB83051D592F6B004EF4FB /* RxExpect */,
				03FB830F1D592F6B004EF4FB /* RxExpectTests */,
			);
		};
/* End PBXProject section */

/* Begin PBXResourcesBuildPhase section */
		03FB83041D592F6B004EF4FB /* Resources */ = {
			isa = PBXResourcesBuildPhase;
			buildActionMask = 2147483647;
			files = (
			);
			runOnlyForDeploymentPostprocessing = 0;
		};
		03FB830E1D592F6B004EF4FB /* Resources */ = {
			isa = PBXResourcesBuildPhase;
			buildActionMask = 2147483647;
			files = (
			);
			runOnlyForDeploymentPostprocessing = 0;
		};
/* End PBXResourcesBuildPhase section */

/* Begin PBXShellScriptBuildPhase section */
		52758D9CF2AB8EC1009F9410 /* [CP] Check Pods Manifest.lock */ = {
			isa = PBXShellScriptBuildPhase;
			buildActionMask = 2147483647;
			files = (
			);
			inputPaths = (
			);
			name = "[CP] Check Pods Manifest.lock";
			outputPaths = (
			);
			runOnlyForDeploymentPostprocessing = 0;
			shellPath = /bin/sh;
			shellScript = "diff \"${PODS_ROOT}/../Podfile.lock\" \"${PODS_ROOT}/Manifest.lock\" > /dev/null\nif [ $? != 0 ] ; then\n    # print error to STDERR\n    echo \"error: The sandbox is not in sync with the Podfile.lock. Run 'pod install' or update your CocoaPods installation.\" >&2\n    exit 1\nfi\n";
			showEnvVarsInLog = 0;
		};
		6604E49873BBA2DECDDC60E4 /* [CP] Check Pods Manifest.lock */ = {
			isa = PBXShellScriptBuildPhase;
			buildActionMask = 2147483647;
			files = (
			);
			inputPaths = (
			);
			name = "[CP] Check Pods Manifest.lock";
			outputPaths = (
			);
			runOnlyForDeploymentPostprocessing = 0;
			shellPath = /bin/sh;
			shellScript = "diff \"${PODS_ROOT}/../Podfile.lock\" \"${PODS_ROOT}/Manifest.lock\" > /dev/null\nif [ $? != 0 ] ; then\n    # print error to STDERR\n    echo \"error: The sandbox is not in sync with the Podfile.lock. Run 'pod install' or update your CocoaPods installation.\" >&2\n    exit 1\nfi\n";
			showEnvVarsInLog = 0;
		};
		6FAC00124EA3D464F7A99462 /* [CP] Embed Pods Frameworks */ = {
			isa = PBXShellScriptBuildPhase;
			buildActionMask = 2147483647;
			files = (
			);
			inputPaths = (
			);
			name = "[CP] Embed Pods Frameworks";
			outputPaths = (
			);
			runOnlyForDeploymentPostprocessing = 0;
			shellPath = /bin/sh;
			shellScript = "\"${SRCROOT}/Pods/Target Support Files/Pods-RxExpect-RxExpectTests/Pods-RxExpect-RxExpectTests-frameworks.sh\"\n";
			showEnvVarsInLog = 0;
		};
		C742B8521F3A2FE6A8A66311 /* [CP] Copy Pods Resources */ = {
			isa = PBXShellScriptBuildPhase;
			buildActionMask = 2147483647;
			files = (
			);
			inputPaths = (
			);
			name = "[CP] Copy Pods Resources";
			outputPaths = (
			);
			runOnlyForDeploymentPostprocessing = 0;
			shellPath = /bin/sh;
			shellScript = "\"${SRCROOT}/Pods/Target Support Files/Pods-RxExpect-RxExpectTests/Pods-RxExpect-RxExpectTests-resources.sh\"\n";
			showEnvVarsInLog = 0;
		};
		CFB255197520D31477E21888 /* [CP] Copy Pods Resources */ = {
			isa = PBXShellScriptBuildPhase;
			buildActionMask = 2147483647;
			files = (
			);
			inputPaths = (
			);
			name = "[CP] Copy Pods Resources";
			outputPaths = (
			);
			runOnlyForDeploymentPostprocessing = 0;
			shellPath = /bin/sh;
			shellScript = "\"${SRCROOT}/Pods/Target Support Files/Pods-RxExpect/Pods-RxExpect-resources.sh\"\n";
			showEnvVarsInLog = 0;
		};
/* End PBXShellScriptBuildPhase section */

/* Begin PBXSourcesBuildPhase section */
		03FB83011D592F6B004EF4FB /* Sources */ = {
			isa = PBXSourcesBuildPhase;
			buildActionMask = 2147483647;
			files = (
				03FB832B1D5930A8004EF4FB /* RxExpectation.swift in Sources */,
				03FB832C1D5930A8004EF4FB /* XCTestCase+RxExpect.swift in Sources */,
				030BC48E1D6B782200744138 /* RxAssertionResult.swift in Sources */,
				030BC48A1D6B777F00744138 /* Operators.swift in Sources */,
				030BC48C1D6B779C00744138 /* AnyTestTime.swift in Sources */,
			);
			runOnlyForDeploymentPostprocessing = 0;
		};
		03FB830C1D592F6B004EF4FB /* Sources */ = {
			isa = PBXSourcesBuildPhase;
			buildActionMask = 2147483647;
			files = (
				03FB832D1D5930EF004EF4FB /* RxExpectTests.swift in Sources */,
			);
			runOnlyForDeploymentPostprocessing = 0;
		};
/* End PBXSourcesBuildPhase section */

/* Begin PBXTargetDependency section */
		03FB83131D592F6B004EF4FB /* PBXTargetDependency */ = {
			isa = PBXTargetDependency;
			target = 03FB83051D592F6B004EF4FB /* RxExpect */;
			targetProxy = 03FB83121D592F6B004EF4FB /* PBXContainerItemProxy */;
		};
/* End PBXTargetDependency section */

/* Begin XCBuildConfiguration section */
		03FB83181D592F6B004EF4FB /* Debug */ = {
			isa = XCBuildConfiguration;
			buildSettings = {
				ALWAYS_SEARCH_USER_PATHS = NO;
				CLANG_ANALYZER_NONNULL = YES;
				CLANG_CXX_LANGUAGE_STANDARD = "gnu++0x";
				CLANG_CXX_LIBRARY = "libc++";
				CLANG_ENABLE_MODULES = YES;
				CLANG_ENABLE_OBJC_ARC = YES;
				CLANG_WARN_BOOL_CONVERSION = YES;
				CLANG_WARN_CONSTANT_CONVERSION = YES;
				CLANG_WARN_DIRECT_OBJC_ISA_USAGE = YES_ERROR;
				CLANG_WARN_EMPTY_BODY = YES;
				CLANG_WARN_ENUM_CONVERSION = YES;
				CLANG_WARN_INFINITE_RECURSION = YES;
				CLANG_WARN_INT_CONVERSION = YES;
				CLANG_WARN_OBJC_ROOT_CLASS = YES_ERROR;
				CLANG_WARN_SUSPICIOUS_MOVE = YES;
				CLANG_WARN_UNREACHABLE_CODE = YES;
				CLANG_WARN__DUPLICATE_METHOD_MATCH = YES;
				"CODE_SIGN_IDENTITY[sdk=iphoneos*]" = "iPhone Developer";
				COPY_PHASE_STRIP = NO;
				CURRENT_PROJECT_VERSION = 1;
				DEBUG_INFORMATION_FORMAT = dwarf;
				ENABLE_BITCODE = NO;
				ENABLE_STRICT_OBJC_MSGSEND = YES;
				ENABLE_TESTABILITY = YES;
				FRAMEWORK_SEARCH_PATHS = "$(PLATFORM_DIR)/Developer/Library/Frameworks";
				GCC_C_LANGUAGE_STANDARD = gnu99;
				GCC_DYNAMIC_NO_PIC = NO;
				GCC_NO_COMMON_BLOCKS = YES;
				GCC_OPTIMIZATION_LEVEL = 0;
				GCC_PREPROCESSOR_DEFINITIONS = (
					"DEBUG=1",
					"$(inherited)",
				);
				GCC_WARN_64_TO_32_BIT_CONVERSION = YES;
				GCC_WARN_ABOUT_RETURN_TYPE = YES_ERROR;
				GCC_WARN_UNDECLARED_SELECTOR = YES;
				GCC_WARN_UNINITIALIZED_AUTOS = YES_AGGRESSIVE;
				GCC_WARN_UNUSED_FUNCTION = YES;
				GCC_WARN_UNUSED_VARIABLE = YES;
				IPHONEOS_DEPLOYMENT_TARGET = 8.0;
				MACOSX_DEPLOYMENT_TARGET = 10.9;
				MTL_ENABLE_DEBUG_INFO = YES;
				ONLY_ACTIVE_ARCH = YES;
				OTHER_LDFLAGS = (
					"-weak_framework",
					XCTest,
					"-weak-lswiftXCTest",
				);
				SDKROOT = iphoneos;
				SWIFT_OPTIMIZATION_LEVEL = "-Onone";
				TARGETED_DEVICE_FAMILY = "1,2";
				VERSIONING_SYSTEM = "apple-generic";
				VERSION_INFO_PREFIX = "";
			};
			name = Debug;
		};
		03FB83191D592F6B004EF4FB /* Release */ = {
			isa = XCBuildConfiguration;
			buildSettings = {
				ALWAYS_SEARCH_USER_PATHS = NO;
				CLANG_ANALYZER_NONNULL = YES;
				CLANG_CXX_LANGUAGE_STANDARD = "gnu++0x";
				CLANG_CXX_LIBRARY = "libc++";
				CLANG_ENABLE_MODULES = YES;
				CLANG_ENABLE_OBJC_ARC = YES;
				CLANG_WARN_BOOL_CONVERSION = YES;
				CLANG_WARN_CONSTANT_CONVERSION = YES;
				CLANG_WARN_DIRECT_OBJC_ISA_USAGE = YES_ERROR;
				CLANG_WARN_EMPTY_BODY = YES;
				CLANG_WARN_ENUM_CONVERSION = YES;
				CLANG_WARN_INFINITE_RECURSION = YES;
				CLANG_WARN_INT_CONVERSION = YES;
				CLANG_WARN_OBJC_ROOT_CLASS = YES_ERROR;
				CLANG_WARN_SUSPICIOUS_MOVE = YES;
				CLANG_WARN_UNREACHABLE_CODE = YES;
				CLANG_WARN__DUPLICATE_METHOD_MATCH = YES;
				"CODE_SIGN_IDENTITY[sdk=iphoneos*]" = "iPhone Developer";
				COPY_PHASE_STRIP = NO;
				CURRENT_PROJECT_VERSION = 1;
				DEBUG_INFORMATION_FORMAT = "dwarf-with-dsym";
				ENABLE_BITCODE = NO;
				ENABLE_NS_ASSERTIONS = NO;
				ENABLE_STRICT_OBJC_MSGSEND = YES;
				FRAMEWORK_SEARCH_PATHS = "$(PLATFORM_DIR)/Developer/Library/Frameworks";
				GCC_C_LANGUAGE_STANDARD = gnu99;
				GCC_NO_COMMON_BLOCKS = YES;
				GCC_WARN_64_TO_32_BIT_CONVERSION = YES;
				GCC_WARN_ABOUT_RETURN_TYPE = YES_ERROR;
				GCC_WARN_UNDECLARED_SELECTOR = YES;
				GCC_WARN_UNINITIALIZED_AUTOS = YES_AGGRESSIVE;
				GCC_WARN_UNUSED_FUNCTION = YES;
				GCC_WARN_UNUSED_VARIABLE = YES;
				IPHONEOS_DEPLOYMENT_TARGET = 8.0;
				MACOSX_DEPLOYMENT_TARGET = 10.9;
				MTL_ENABLE_DEBUG_INFO = NO;
				OTHER_LDFLAGS = (
					"-weak_framework",
					XCTest,
					"-weak-lswiftXCTest",
				);
				SDKROOT = iphoneos;
				SWIFT_OPTIMIZATION_LEVEL = "-Owholemodule";
				TARGETED_DEVICE_FAMILY = "1,2";
				VALIDATE_PRODUCT = YES;
				VERSIONING_SYSTEM = "apple-generic";
				VERSION_INFO_PREFIX = "";
			};
			name = Release;
		};
		03FB831B1D592F6B004EF4FB /* Debug */ = {
			isa = XCBuildConfiguration;
			baseConfigurationReference = 241A526047A75E30F9059137 /* Pods-RxExpect.debug.xcconfig */;
			buildSettings = {
				"CODE_SIGN_IDENTITY[sdk=iphoneos*]" = "";
				DEFINES_MODULE = YES;
				DYLIB_COMPATIBILITY_VERSION = 1;
				DYLIB_CURRENT_VERSION = 1;
				DYLIB_INSTALL_NAME_BASE = "@rpath";
				INFOPLIST_FILE = "$(SRCROOT)/Supporting Files/Info.plist";
				INSTALL_PATH = "$(LOCAL_LIBRARY_DIR)/Frameworks";
				LD_RUNPATH_SEARCH_PATHS = "$(inherited) @executable_path/Frameworks @loader_path/Frameworks";
				PRODUCT_BUNDLE_IDENTIFIER = kr.xoul.RxExpect;
				PRODUCT_NAME = RxExpect;
				SKIP_INSTALL = YES;
				SWIFT_VERSION = 3.0;
			};
			name = Debug;
		};
		03FB831C1D592F6B004EF4FB /* Release */ = {
			isa = XCBuildConfiguration;
			baseConfigurationReference = AB5A687DC7F3D9386C03BC77 /* Pods-RxExpect.release.xcconfig */;
			buildSettings = {
				"CODE_SIGN_IDENTITY[sdk=iphoneos*]" = "";
				DEFINES_MODULE = YES;
				DYLIB_COMPATIBILITY_VERSION = 1;
				DYLIB_CURRENT_VERSION = 1;
				DYLIB_INSTALL_NAME_BASE = "@rpath";
				INFOPLIST_FILE = "$(SRCROOT)/Supporting Files/Info.plist";
				INSTALL_PATH = "$(LOCAL_LIBRARY_DIR)/Frameworks";
				LD_RUNPATH_SEARCH_PATHS = "$(inherited) @executable_path/Frameworks @loader_path/Frameworks";
				PRODUCT_BUNDLE_IDENTIFIER = kr.xoul.RxExpect;
				PRODUCT_NAME = RxExpect;
				SKIP_INSTALL = YES;
				SWIFT_VERSION = 3.0;
			};
			name = Release;
		};
		03FB831E1D592F6B004EF4FB /* Debug */ = {
			isa = XCBuildConfiguration;
			baseConfigurationReference = D9744C0C50D7E959AB934704 /* Pods-RxExpect-RxExpectTests.debug.xcconfig */;
			buildSettings = {
				ALWAYS_EMBED_SWIFT_STANDARD_LIBRARIES = YES;
				INFOPLIST_FILE = "$(SRCROOT)/Supporting Files/Info.plist";
				LD_RUNPATH_SEARCH_PATHS = "$(inherited) @executable_path/Frameworks @loader_path/Frameworks";
				PRODUCT_BUNDLE_IDENTIFIER = kr.xoul.RxExpectTests;
				PRODUCT_NAME = "$(TARGET_NAME)";
				SWIFT_VERSION = 3.0;
			};
			name = Debug;
		};
		03FB831F1D592F6B004EF4FB /* Release */ = {
			isa = XCBuildConfiguration;
			baseConfigurationReference = BA9C746ADC7FE5CB07FCB9E3 /* Pods-RxExpect-RxExpectTests.release.xcconfig */;
			buildSettings = {
				ALWAYS_EMBED_SWIFT_STANDARD_LIBRARIES = YES;
				INFOPLIST_FILE = "$(SRCROOT)/Supporting Files/Info.plist";
				LD_RUNPATH_SEARCH_PATHS = "$(inherited) @executable_path/Frameworks @loader_path/Frameworks";
				PRODUCT_BUNDLE_IDENTIFIER = kr.xoul.RxExpectTests;
				PRODUCT_NAME = "$(TARGET_NAME)";
				SWIFT_VERSION = 3.0;
			};
			name = Release;
		};
/* End XCBuildConfiguration section */

/* Begin XCConfigurationList section */
		03FB83001D592F6B004EF4FB /* Build configuration list for PBXProject "RxExpect" */ = {
			isa = XCConfigurationList;
			buildConfigurations = (
				03FB83181D592F6B004EF4FB /* Debug */,
				03FB83191D592F6B004EF4FB /* Release */,
			);
			defaultConfigurationIsVisible = 0;
			defaultConfigurationName = Release;
		};
		03FB831A1D592F6B004EF4FB /* Build configuration list for PBXNativeTarget "RxExpect" */ = {
			isa = XCConfigurationList;
			buildConfigurations = (
				03FB831B1D592F6B004EF4FB /* Debug */,
				03FB831C1D592F6B004EF4FB /* Release */,
			);
			defaultConfigurationIsVisible = 0;
			defaultConfigurationName = Release;
		};
		03FB831D1D592F6B004EF4FB /* Build configuration list for PBXNativeTarget "RxExpectTests" */ = {
			isa = XCConfigurationList;
			buildConfigurations = (
				03FB831E1D592F6B004EF4FB /* Debug */,
				03FB831F1D592F6B004EF4FB /* Release */,
			);
			defaultConfigurationIsVisible = 0;
			defaultConfigurationName = Release;
		};
/* End XCConfigurationList section */
	};
	rootObject = 03FB82FD1D592F6B004EF4FB /* Project object */;
}
